
Microsoft Visual Studio Solution File, Format Version 12.00
# Visual Studio Version 17
VisualStudioVersion = 17.14.36310.24
MinimumVisualStudioVersion = 10.0.40219.1
Project("{8BC9CEB8-8B4A-11D0-8D11-00A0C91BC942}") = "qk", "qk\qk.vcxproj", "{7D4BEB34-2DB4-4358-AC63-D7E4A7FEE7FB}"
EndProject
Project("{8BC9CEB8-8B4A-11D0-8D11-00A0C91BC942}") = "qk_gui", "qk_gui\qk_gui.vcxproj", "{5FA0968E-7452-4940-91CB-EBF940DE1440}"
EndProject
Project("{8BC9CEB8-8B4A-11D0-8D11-00A0C91BC942}") = "imgui", "imgui\imgui.vcxproj", "{DC45B860-DC1D-4D17-A2FA-7004B4CBDD60}"
EndProject
Project("{8BC9CEB8-8B4A-11D0-8D11-00A0C91BC942}") = "SimpleMath", "SimpleMath\SimpleMath.vcxproj", "{FB77E580-B840-426C-B9E9-D6EC38857E21}"
EndProject
Project("{8BC9CEB8-8B4A-11D0-8D11-00A0C91BC942}") = "tinyobjloader", "tinyobjloader\tinyobjloader.vcxproj", "{AC78A41B-4E30-4B09-9DFF-1F5763AE44AF}"
EndProject
Project("{8BC9CEB8-8B4A-11D0-8D11-00A0C91BC942}") = "qk_mesh", "qk_mesh\qk_mesh.vcxproj", "{480223F6-D738-4E57-B289-C7B5E90328AB}"
EndProject
Global
	GlobalSection(SolutionConfigurationPlatforms) = preSolution
		Debug|x64 = Debug|x64
		Release|x64 = Release|x64
	EndGlobalSection
	GlobalSection(ProjectConfigurationPlatforms) = postSolution
		{7D4BEB34-2DB4-4358-AC63-D7E4A7FEE7FB}.Debug|x64.ActiveCfg = Debug|x64
		{7D4BEB34-2DB4-4358-AC63-D7E4A7FEE7FB}.Debug|x64.Build.0 = Debug|x64
		{7D4BEB34-2DB4-4358-AC63-D7E4A7FEE7FB}.Release|x64.ActiveCfg = Release|x64
		{7D4BEB34-2DB4-4358-AC63-D7E4A7FEE7FB}.Release|x64.Build.0 = Release|x64
		{5FA0968E-7452-4940-91CB-EBF940DE1440}.Debug|x64.ActiveCfg = Debug|x64
		{5FA0968E-7452-4940-91CB-EBF940DE1440}.Debug|x64.Build.0 = Debug|x64
		{5FA0968E-7452-4940-91CB-EBF940DE1440}.Release|x64.ActiveCfg = Release|x64
		{5FA0968E-7452-4940-91CB-EBF940DE1440}.Release|x64.Build.0 = Release|x64
		{DC45B860-DC1D-4D17-A2FA-7004B4CBDD60}.Debug|x64.ActiveCfg = Debug|x64
		{DC45B860-DC1D-4D17-A2FA-7004B4CBDD60}.Debug|x64.Build.0 = Debug|x64
		{DC45B860-DC1D-4D17-A2FA-7004B4CBDD60}.Release|x64.ActiveCfg = Release|x64
		{DC45B860-DC1D-4D17-A2FA-7004B4CBDD60}.Release|x64.Build.0 = Release|x64
		{FB77E580-B840-426C-B9E9-D6EC38857E21}.Debug|x64.ActiveCfg = Debug|x64
		{FB77E580-B840-426C-B9E9-D6EC38857E21}.Debug|x64.Build.0 = Debug|x64
		{FB77E580-B840-426C-B9E9-D6EC38857E21}.Release|x64.ActiveCfg = Release|x64
		{FB77E580-B840-426C-B9E9-D6EC38857E21}.Release|x64.Build.0 = Release|x64
		{AC78A41B-4E30-4B09-9DFF-1F5763AE44AF}.Debug|x64.ActiveCfg = Debug|x64
		{AC78A41B-4E30-4B09-9DFF-1F5763AE44AF}.Debug|x64.Build.0 = Debug|x64
		{AC78A41B-4E30-4B09-9DFF-1F5763AE44AF}.Release|x64.ActiveCfg = Release|x64
		{AC78A41B-4E30-4B09-9DFF-1F5763AE44AF}.Release|x64.Build.0 = Release|x64
		{480223F6-D738-4E57-B289-C7B5E90328AB}.Debug|x64.ActiveCfg = Debug|x64
		{480223F6-D738-4E57-B289-C7B5E90328AB}.Debug|x64.Build.0 = Debug|x64
		{480223F6-D738-4E57-B289-C7B5E90328AB}.Release|x64.ActiveCfg = Release|x64
		{480223F6-D738-4E57-B289-C7B5E90328AB}.Release|x64.Build.0 = Release|x64
	EndGlobalSection
	GlobalSection(SolutionProperties) = preSolution
		HideSolutionNode = FALSE
	EndGlobalSection
	GlobalSection(ExtensibilityGlobals) = postSolution
		SolutionGuid = {D280CD95-F773-406F-A89D-343BAE27EB1A}
	EndGlobalSection
EndGlobal
